
Microsoft Visual Studio Solution File, Format Version 12.00
# Visual Studio Version 17
VisualStudioVersion = 17.14.36518.9 d17.14
MinimumVisualStudioVersion = 10.0.40219.1
Project("{FAE04EC0-301F-11D3-BF4B-00C04F79EFBC}") = "MySeleniumProject", "MySeleniumProject.csproj", "{06AB80A0-1C3A-402E-B3E7-464801ADED83}"
EndProject
Global
	GlobalSection(SolutionConfigurationPlatforms) = preSolution
		Debug|Any CPU = Debug|Any CPU
		Release|Any CPU = Release|Any CPU
	EndGlobalSection
	GlobalSection(ProjectConfigurationPlatforms) = postSolution
		{06AB80A0-1C3A-402E-B3E7-464801ADED83}.Debug|Any CPU.ActiveCfg = Debug|Any CPU
		{06AB80A0-1C3A-402E-B3E7-464801ADED83}.Debug|Any CPU.Build.0 = Debug|Any CPU
		{06AB80A0-1C3A-402E-B3E7-464801ADED83}.Release|Any CPU.ActiveCfg = Release|Any CPU
		{06AB80A0-1C3A-402E-B3E7-464801ADED83}.Release|Any CPU.Build.0 = Release|Any CPU
	EndGlobalSection
	GlobalSection(SolutionProperties) = preSolution
		HideSolutionNode = FALSE
	EndGlobalSection
	GlobalSection(ExtensibilityGlobals) = postSolution
		SolutionGuid = {E8603055-C1E8-4AEC-9E10-C9F944A0A1F6}
	EndGlobalSection
EndGlobal
